
Microsoft Visual Studio Solution File, Format Version 12.00
# Visual Studio Version 17
VisualStudioVersion = 17.7.34031.279
MinimumVisualStudioVersion = 10.0.40219.1
Project("{FAE04EC0-301F-11D3-BF4B-00C04F79EFBC}") = "Employee", "Employee.csproj", "{F73496FA-09E8-4BFE-8CF1-4DF7F569463B}"
EndProject
Global
	GlobalSection(SolutionConfigurationPlatforms) = preSolution
		Debug|Any CPU = Debug|Any CPU
		Release|Any CPU = Release|Any CPU
	EndGlobalSection
	GlobalSection(ProjectConfigurationPlatforms) = postSolution
		{F73496FA-09E8-4BFE-8CF1-4DF7F569463B}.Debug|Any CPU.ActiveCfg = Debug|Any CPU
		{F73496FA-09E8-4BFE-8CF1-4DF7F569463B}.Debug|Any CPU.Build.0 = Debug|Any CPU
		{F73496FA-09E8-4BFE-8CF1-4DF7F569463B}.Release|Any CPU.ActiveCfg = Release|Any CPU
		{F73496FA-09E8-4BFE-8CF1-4DF7F569463B}.Release|Any CPU.Build.0 = Release|Any CPU
	EndGlobalSection
	GlobalSection(SolutionProperties) = preSolution
		HideSolutionNode = FALSE
	EndGlobalSection
	GlobalSection(ExtensibilityGlobals) = postSolution
		SolutionGuid = {552BC959-791A-41A0-9A7D-1F46C6AAE591}
	EndGlobalSection
EndGlobal
