
Microsoft Visual Studio Solution File, Format Version 12.00
# Visual Studio Version 17
VisualStudioVersion = 17.7.34031.279
MinimumVisualStudioVersion = 10.0.40219.1
Project("{FAE04EC0-301F-11D3-BF4B-00C04F79EFBC}") = "ShoppingSystem", "ShoppingSystem.csproj", "{C700ECA3-FC49-4435-A5CD-52070D7836AE}"
EndProject
Project("{FAE04EC0-301F-11D3-BF4B-00C04F79EFBC}") = "ProductBuilder", "..\ProductBuilder\ProductBuilder.csproj", "{9C614F24-171D-44B1-85F0-446CE7B976B4}"
EndProject
Project("{FAE04EC0-301F-11D3-BF4B-00C04F79EFBC}") = "Ordering", "..\Ordering\Ordering.csproj", "{0983F818-6282-4F90-8701-D699707AF300}"
EndProject
Global
	GlobalSection(SolutionConfigurationPlatforms) = preSolution
		Debug|Any CPU = Debug|Any CPU
		Release|Any CPU = Release|Any CPU
	EndGlobalSection
	GlobalSection(ProjectConfigurationPlatforms) = postSolution
		{C700ECA3-FC49-4435-A5CD-52070D7836AE}.Debug|Any CPU.ActiveCfg = Debug|Any CPU
		{C700ECA3-FC49-4435-A5CD-52070D7836AE}.Debug|Any CPU.Build.0 = Debug|Any CPU
		{C700ECA3-FC49-4435-A5CD-52070D7836AE}.Release|Any CPU.ActiveCfg = Release|Any CPU
		{C700ECA3-FC49-4435-A5CD-52070D7836AE}.Release|Any CPU.Build.0 = Release|Any CPU
		{9C614F24-171D-44B1-85F0-446CE7B976B4}.Debug|Any CPU.ActiveCfg = Debug|Any CPU
		{9C614F24-171D-44B1-85F0-446CE7B976B4}.Debug|Any CPU.Build.0 = Debug|Any CPU
		{9C614F24-171D-44B1-85F0-446CE7B976B4}.Release|Any CPU.ActiveCfg = Release|Any CPU
		{9C614F24-171D-44B1-85F0-446CE7B976B4}.Release|Any CPU.Build.0 = Release|Any CPU
		{0983F818-6282-4F90-8701-D699707AF300}.Debug|Any CPU.ActiveCfg = Debug|Any CPU
		{0983F818-6282-4F90-8701-D699707AF300}.Debug|Any CPU.Build.0 = Debug|Any CPU
		{0983F818-6282-4F90-8701-D699707AF300}.Release|Any CPU.ActiveCfg = Release|Any CPU
		{0983F818-6282-4F90-8701-D699707AF300}.Release|Any CPU.Build.0 = Release|Any CPU
	EndGlobalSection
	GlobalSection(SolutionProperties) = preSolution
		HideSolutionNode = FALSE
	EndGlobalSection
	GlobalSection(ExtensibilityGlobals) = postSolution
		SolutionGuid = {D0EBE821-F3E2-4ECA-9317-83610BFB3BFA}
	EndGlobalSection
EndGlobal
