
Microsoft Visual Studio Solution File, Format Version 12.00
# Visual Studio Version 17
VisualStudioVersion = 17.7.34031.279
MinimumVisualStudioVersion = 10.0.40219.1
Project("{FAE04EC0-301F-11D3-BF4B-00C04F79EFBC}") = "ConditionBasedCollection", "ConditionBasedCollection.csproj", "{2F0DDC50-072B-48D1-9507-AAB71CBF2405}"
EndProject
Project("{FAE04EC0-301F-11D3-BF4B-00C04F79EFBC}") = "Tests", "..\Tests\Tests.csproj", "{504F25C7-9101-4B25-BBE7-15E44BFF6EB1}"
EndProject
Global
	GlobalSection(SolutionConfigurationPlatforms) = preSolution
		Debug|Any CPU = Debug|Any CPU
		Release|Any CPU = Release|Any CPU
	EndGlobalSection
	GlobalSection(ProjectConfigurationPlatforms) = postSolution
		{2F0DDC50-072B-48D1-9507-AAB71CBF2405}.Debug|Any CPU.ActiveCfg = Debug|Any CPU
		{2F0DDC50-072B-48D1-9507-AAB71CBF2405}.Debug|Any CPU.Build.0 = Debug|Any CPU
		{2F0DDC50-072B-48D1-9507-AAB71CBF2405}.Release|Any CPU.ActiveCfg = Release|Any CPU
		{2F0DDC50-072B-48D1-9507-AAB71CBF2405}.Release|Any CPU.Build.0 = Release|Any CPU
		{504F25C7-9101-4B25-BBE7-15E44BFF6EB1}.Debug|Any CPU.ActiveCfg = Debug|Any CPU
		{504F25C7-9101-4B25-BBE7-15E44BFF6EB1}.Debug|Any CPU.Build.0 = Debug|Any CPU
		{504F25C7-9101-4B25-BBE7-15E44BFF6EB1}.Release|Any CPU.ActiveCfg = Release|Any CPU
		{504F25C7-9101-4B25-BBE7-15E44BFF6EB1}.Release|Any CPU.Build.0 = Release|Any CPU
	EndGlobalSection
	GlobalSection(SolutionProperties) = preSolution
		HideSolutionNode = FALSE
	EndGlobalSection
	GlobalSection(ExtensibilityGlobals) = postSolution
		SolutionGuid = {711F7916-55E5-4C48-8ADF-381DD899F029}
	EndGlobalSection
EndGlobal
